
Microsoft Visual Studio Solution File, Format Version 12.00
Project("{F2A71F9B-5D33-465A-A702-920D77279786}") = "FSharp.DList", "FSharp.DList\FSharp.DList.fsproj", "{47AC404F-191E-4961-B25A-04ABA204B3BE}"
EndProject
Project("{F2A71F9B-5D33-465A-A702-920D77279786}") = "FSharp.DList.Tests", "FSharp.DList.Tests\FSharp.DList.Tests.fsproj", "{45425D6D-531C-4BE8-A230-DAAAA2EC1B47}"
EndProject
Project("{F2A71F9B-5D33-465A-A702-920D77279786}") = "FSharp.DList.Benchmarks", "FSharp.DList.Benchmarks\FSharp.DList.Benchmarks.fsproj", "{C4EFB420-07AD-4E71-862C-2CE98412CA38}"
EndProject
Global
	GlobalSection(SolutionConfigurationPlatforms) = preSolution
		Debug|Any CPU = Debug|Any CPU
		Release|Any CPU = Release|Any CPU
	EndGlobalSection
	GlobalSection(ProjectConfigurationPlatforms) = postSolution
		{47AC404F-191E-4961-B25A-04ABA204B3BE}.Debug|Any CPU.ActiveCfg = Debug|Any CPU
		{47AC404F-191E-4961-B25A-04ABA204B3BE}.Debug|Any CPU.Build.0 = Debug|Any CPU
		{47AC404F-191E-4961-B25A-04ABA204B3BE}.Release|Any CPU.ActiveCfg = Release|Any CPU
		{47AC404F-191E-4961-B25A-04ABA204B3BE}.Release|Any CPU.Build.0 = Release|Any CPU
		{45425D6D-531C-4BE8-A230-DAAAA2EC1B47}.Debug|Any CPU.ActiveCfg = Debug|Any CPU
		{45425D6D-531C-4BE8-A230-DAAAA2EC1B47}.Debug|Any CPU.Build.0 = Debug|Any CPU
		{45425D6D-531C-4BE8-A230-DAAAA2EC1B47}.Release|Any CPU.ActiveCfg = Release|Any CPU
		{45425D6D-531C-4BE8-A230-DAAAA2EC1B47}.Release|Any CPU.Build.0 = Release|Any CPU
		{C4EFB420-07AD-4E71-862C-2CE98412CA38}.Debug|Any CPU.ActiveCfg = Debug|Any CPU
		{C4EFB420-07AD-4E71-862C-2CE98412CA38}.Debug|Any CPU.Build.0 = Debug|Any CPU
		{C4EFB420-07AD-4E71-862C-2CE98412CA38}.Release|Any CPU.ActiveCfg = Release|Any CPU
		{C4EFB420-07AD-4E71-862C-2CE98412CA38}.Release|Any CPU.Build.0 = Release|Any CPU
	EndGlobalSection
EndGlobal
